
Microsoft Visual Studio Solution File, Format Version 12.00
# Visual Studio Version 17
VisualStudioVersion = 17.2.32616.157
MinimumVisualStudioVersion = 10.0.40219.1
Project("{FAE04EC0-301F-11D3-BF4B-00C04F79EFBC}") = "Atividade1", "Atividade1\Atividade1.csproj", "{24ADFA68-A479-433F-A393-86F6BBB0220B}"
EndProject
Global
	GlobalSection(SolutionConfigurationPlatforms) = preSolution
		Debug|Any CPU = Debug|Any CPU
		Release|Any CPU = Release|Any CPU
	EndGlobalSection
	GlobalSection(ProjectConfigurationPlatforms) = postSolution
		{24ADFA68-A479-433F-A393-86F6BBB0220B}.Debug|Any CPU.ActiveCfg = Debug|Any CPU
		{24ADFA68-A479-433F-A393-86F6BBB0220B}.Debug|Any CPU.Build.0 = Debug|Any CPU
		{24ADFA68-A479-433F-A393-86F6BBB0220B}.Release|Any CPU.ActiveCfg = Release|Any CPU
		{24ADFA68-A479-433F-A393-86F6BBB0220B}.Release|Any CPU.Build.0 = Release|Any CPU
	EndGlobalSection
	GlobalSection(SolutionProperties) = preSolution
		HideSolutionNode = FALSE
	EndGlobalSection
	GlobalSection(ExtensibilityGlobals) = postSolution
		SolutionGuid = {86D04CA7-EE12-43DE-892A-9F94801AE99D}
	EndGlobalSection
EndGlobal
